
Microsoft Visual Studio Solution File, Format Version 12.00
# Visual Studio Version 17
VisualStudioVersion = 17.0.31903.59
MinimumVisualStudioVersion = 10.0.40219.1
Project("{FAE04EC0-301F-11D3-BF4B-00C04F79EFBC}") = "AppErrorHandler", "AppErrorHandler\AppErrorHandler.csproj", "{DE53EC78-91CE-44BC-BB6E-86D16479B261}"
EndProject
Global
	GlobalSection(SolutionConfigurationPlatforms) = preSolution
		Debug|Any CPU = Debug|Any CPU
		Release|Any CPU = Release|Any CPU
	EndGlobalSection
	GlobalSection(ProjectConfigurationPlatforms) = postSolution
		{DE53EC78-91CE-44BC-BB6E-86D16479B261}.Debug|Any CPU.ActiveCfg = Debug|Any CPU
		{DE53EC78-91CE-44BC-BB6E-86D16479B261}.Debug|Any CPU.Build.0 = Debug|Any CPU
		{DE53EC78-91CE-44BC-BB6E-86D16479B261}.Release|Any CPU.ActiveCfg = Release|Any CPU
		{DE53EC78-91CE-44BC-BB6E-86D16479B261}.Release|Any CPU.Build.0 = Release|Any CPU
	EndGlobalSection
	GlobalSection(SolutionProperties) = preSolution
		HideSolutionNode = FALSE
	EndGlobalSection
	GlobalSection(ExtensibilityGlobals) = postSolution
		SolutionGuid = {0156053D-C40F-40AE-BD02-C63C07E78F5C}
	EndGlobalSection
EndGlobal
